
Microsoft Visual Studio Solution File, Format Version 12.00
# Visual Studio Version 17
VisualStudioVersion = 17.9.34701.34
MinimumVisualStudioVersion = 10.0.40219.1
Project("{FAE04EC0-301F-11D3-BF4B-00C04F79EFBC}") = "DiamentaDeX.ConsoleApp1", "DiamentaDeX.ConsoleApp1\DiamentaDeX.ConsoleApp1.csproj", "{03AAFF38-39AB-469E-906B-729AAE25B403}"
EndProject
Global
	GlobalSection(SolutionConfigurationPlatforms) = preSolution
		Debug|Any CPU = Debug|Any CPU
		Release|Any CPU = Release|Any CPU
	EndGlobalSection
	GlobalSection(ProjectConfigurationPlatforms) = postSolution
		{03AAFF38-39AB-469E-906B-729AAE25B403}.Debug|Any CPU.ActiveCfg = Debug|Any CPU
		{03AAFF38-39AB-469E-906B-729AAE25B403}.Debug|Any CPU.Build.0 = Debug|Any CPU
		{03AAFF38-39AB-469E-906B-729AAE25B403}.Release|Any CPU.ActiveCfg = Release|Any CPU
		{03AAFF38-39AB-469E-906B-729AAE25B403}.Release|Any CPU.Build.0 = Release|Any CPU
	EndGlobalSection
	GlobalSection(SolutionProperties) = preSolution
		HideSolutionNode = FALSE
	EndGlobalSection
	GlobalSection(ExtensibilityGlobals) = postSolution
		SolutionGuid = {88DFE1E2-A61F-4B69-8D51-E50E69891A5E}
	EndGlobalSection
EndGlobal
